{
  "requires": true,
  "lockfileVersion": 1,
  "dependencies": {
    "@scottyfillups/hello-world": {
      "version": "1.0.1",
      "resolved": "https://registry.npmjs.org/@scottyfillups/hello-world/-/hello-world-1.0.1.tgz",
      "integrity": "sha512-If4oT92qKa/Bh9cRkV4/GnlNP5BgeKdJMpbcr8cnK14t1UFHJxKsgC2k7Kq67O0WY1qMwGR61cn2RbTx+TK9Eg=="
    }
  }
}
